
Microsoft Visual Studio Solution File, Format Version 12.00
# Visual Studio 15
Project("{FAE04EC0-301F-11D3-BF4B-00C04F79EFBC}") = "POC.Android", "POC.Android\POC.Android.csproj", "{E63865A7-CF4D-4F1F-8F9B-DA7BB4930A7B}"
EndProject
Project("{FAE04EC0-301F-11D3-BF4B-00C04F79EFBC}") = "POC.iOS", "POC.iOS\POC.iOS.csproj", "{59D649C8-9066-4469-B651-7AD798403F22}"
EndProject
Project("{FAE04EC0-301F-11D3-BF4B-00C04F79EFBC}") = "POC", "POC\POC.csproj", "{F017562D-D9F3-4B9B-A42D-A0130F86BC06}"
EndProject
Global
	GlobalSection(SolutionConfigurationPlatforms) = preSolution
		Debug|Any CPU = Debug|Any CPU
		Release|Any CPU = Release|Any CPU
		Debug|iPhoneSimulator = Debug|iPhoneSimulator
		Release|iPhoneSimulator = Release|iPhoneSimulator
		Debug|iPhone = Debug|iPhone
		Release|iPhone = Release|iPhone
	EndGlobalSection
	GlobalSection(ProjectConfigurationPlatforms) = postSolution
		{E63865A7-CF4D-4F1F-8F9B-DA7BB4930A7B}.Debug|Any CPU.ActiveCfg = Debug|Any CPU
		{E63865A7-CF4D-4F1F-8F9B-DA7BB4930A7B}.Debug|Any CPU.Build.0 = Debug|Any CPU
		{E63865A7-CF4D-4F1F-8F9B-DA7BB4930A7B}.Release|Any CPU.ActiveCfg = Release|Any CPU
		{E63865A7-CF4D-4F1F-8F9B-DA7BB4930A7B}.Release|Any CPU.Build.0 = Release|Any CPU
		{E63865A7-CF4D-4F1F-8F9B-DA7BB4930A7B}.Debug|iPhoneSimulator.ActiveCfg = Debug|Any CPU
		{E63865A7-CF4D-4F1F-8F9B-DA7BB4930A7B}.Debug|iPhoneSimulator.Build.0 = Debug|Any CPU
		{E63865A7-CF4D-4F1F-8F9B-DA7BB4930A7B}.Release|iPhoneSimulator.ActiveCfg = Release|Any CPU
		{E63865A7-CF4D-4F1F-8F9B-DA7BB4930A7B}.Release|iPhoneSimulator.Build.0 = Release|Any CPU
		{E63865A7-CF4D-4F1F-8F9B-DA7BB4930A7B}.Debug|iPhone.ActiveCfg = Debug|Any CPU
		{E63865A7-CF4D-4F1F-8F9B-DA7BB4930A7B}.Debug|iPhone.Build.0 = Debug|Any CPU
		{E63865A7-CF4D-4F1F-8F9B-DA7BB4930A7B}.Release|iPhone.ActiveCfg = Release|Any CPU
		{E63865A7-CF4D-4F1F-8F9B-DA7BB4930A7B}.Release|iPhone.Build.0 = Release|Any CPU
		{59D649C8-9066-4469-B651-7AD798403F22}.Debug|Any CPU.ActiveCfg = Debug|iPhoneSimulator
		{59D649C8-9066-4469-B651-7AD798403F22}.Debug|Any CPU.Build.0 = Debug|iPhoneSimulator
		{59D649C8-9066-4469-B651-7AD798403F22}.Release|Any CPU.ActiveCfg = Release|iPhoneSimulator
		{59D649C8-9066-4469-B651-7AD798403F22}.Release|Any CPU.Build.0 = Release|iPhoneSimulator
		{59D649C8-9066-4469-B651-7AD798403F22}.Debug|iPhoneSimulator.ActiveCfg = Debug|iPhoneSimulator
		{59D649C8-9066-4469-B651-7AD798403F22}.Debug|iPhoneSimulator.Build.0 = Debug|iPhoneSimulator
		{59D649C8-9066-4469-B651-7AD798403F22}.Release|iPhoneSimulator.ActiveCfg = Release|iPhoneSimulator
		{59D649C8-9066-4469-B651-7AD798403F22}.Release|iPhoneSimulator.Build.0 = Release|iPhoneSimulator
		{59D649C8-9066-4469-B651-7AD798403F22}.Debug|iPhone.ActiveCfg = Debug|iPhone
		{59D649C8-9066-4469-B651-7AD798403F22}.Debug|iPhone.Build.0 = Debug|iPhone
		{59D649C8-9066-4469-B651-7AD798403F22}.Release|iPhone.ActiveCfg = Release|iPhone
		{59D649C8-9066-4469-B651-7AD798403F22}.Release|iPhone.Build.0 = Release|iPhone
		{F017562D-D9F3-4B9B-A42D-A0130F86BC06}.Debug|Any CPU.ActiveCfg = Debug|Any CPU
		{F017562D-D9F3-4B9B-A42D-A0130F86BC06}.Debug|Any CPU.Build.0 = Debug|Any CPU
		{F017562D-D9F3-4B9B-A42D-A0130F86BC06}.Release|Any CPU.ActiveCfg = Release|Any CPU
		{F017562D-D9F3-4B9B-A42D-A0130F86BC06}.Release|Any CPU.Build.0 = Release|Any CPU
		{F017562D-D9F3-4B9B-A42D-A0130F86BC06}.Debug|iPhoneSimulator.ActiveCfg = Debug|Any CPU
		{F017562D-D9F3-4B9B-A42D-A0130F86BC06}.Debug|iPhoneSimulator.Build.0 = Debug|Any CPU
		{F017562D-D9F3-4B9B-A42D-A0130F86BC06}.Release|iPhoneSimulator.ActiveCfg = Release|Any CPU
		{F017562D-D9F3-4B9B-A42D-A0130F86BC06}.Release|iPhoneSimulator.Build.0 = Release|Any CPU
		{F017562D-D9F3-4B9B-A42D-A0130F86BC06}.Debug|iPhone.ActiveCfg = Debug|Any CPU
		{F017562D-D9F3-4B9B-A42D-A0130F86BC06}.Debug|iPhone.Build.0 = Debug|Any CPU
		{F017562D-D9F3-4B9B-A42D-A0130F86BC06}.Release|iPhone.ActiveCfg = Release|Any CPU
		{F017562D-D9F3-4B9B-A42D-A0130F86BC06}.Release|iPhone.Build.0 = Release|Any CPU
	EndGlobalSection
EndGlobal
